
Microsoft Visual Studio Solution File, Format Version 12.00
# Visual Studio Version 16
VisualStudioVersion = 16.0.33529.622
MinimumVisualStudioVersion = 10.0.40219.1
Project("{FAE04EC0-301F-11D3-BF4B-00C04F79EFBC}") = "Myproject01", "Myproject01.csproj", "{6DE91C53-90C0-43B2-B6E6-6E23DDC88198}"
EndProject
Global
	GlobalSection(SolutionConfigurationPlatforms) = preSolution
		Debug|Any CPU = Debug|Any CPU
		Release|Any CPU = Release|Any CPU
	EndGlobalSection
	GlobalSection(ProjectConfigurationPlatforms) = postSolution
		{6DE91C53-90C0-43B2-B6E6-6E23DDC88198}.Debug|Any CPU.ActiveCfg = Debug|Any CPU
		{6DE91C53-90C0-43B2-B6E6-6E23DDC88198}.Debug|Any CPU.Build.0 = Debug|Any CPU
		{6DE91C53-90C0-43B2-B6E6-6E23DDC88198}.Release|Any CPU.ActiveCfg = Release|Any CPU
		{6DE91C53-90C0-43B2-B6E6-6E23DDC88198}.Release|Any CPU.Build.0 = Release|Any CPU
	EndGlobalSection
	GlobalSection(SolutionProperties) = preSolution
		HideSolutionNode = FALSE
	EndGlobalSection
	GlobalSection(ExtensibilityGlobals) = postSolution
		SolutionGuid = {3FBFB58B-3588-4B26-A941-AC98D80465D4}
	EndGlobalSection
EndGlobal
